
Microsoft Visual Studio Solution File, Format Version 12.00
# Visual Studio Version 16
VisualStudioVersion = 16.0.31702.278
MinimumVisualStudioVersion = 10.0.40219.1
Project("{9A19103F-16F7-4668-BE54-9A1E7A4F7556}") = "Vacancies.Api", "MicroServices\Vacancies.Api\Vacancies.Api.csproj", "{37BA93D2-1CBC-4F76-8EF7-77A59581AAEC}"
EndProject
Project("{2150E333-8FDC-42A3-9474-1A3956D46DE8}") = "MicroServices", "MicroServices", "{13CD5CC0-0E82-4AE3-B131-EA6F3DBD1B3A}"
EndProject
Project("{2150E333-8FDC-42A3-9474-1A3956D46DE8}") = "MicroFrontends", "MicroFrontends", "{4F9CB04F-D7B1-41B4-9493-3E19E2745C90}"
EndProject
Project("{2150E333-8FDC-42A3-9474-1A3956D46DE8}") = "Vacancies", "Vacancies", "{D75DB322-F9B3-48D2-A093-D6C08AED0C47}"
EndProject
Project("{9A19103F-16F7-4668-BE54-9A1E7A4F7556}") = "Vacancies.Application", "MicroServices\Vacancies.Application\Vacancies.Application.csproj", "{5FB09502-DD1F-443D-8843-5B9C9DFDA32B}"
EndProject
Project("{9A19103F-16F7-4668-BE54-9A1E7A4F7556}") = "Vacancies.Domain", "MicroServices\Vacancies.Domain\Vacancies.Domain.csproj", "{3994E12D-E8D6-46FC-8DC4-C3042114EB90}"
EndProject
Project("{9A19103F-16F7-4668-BE54-9A1E7A4F7556}") = "Vacancies.Infrastructure", "MicroServices\Vacancies.Infrastructure\Vacancies.Infrastructure.csproj", "{FDB760D8-856F-4FFF-ABF7-26F9423BD49A}"
EndProject
Project("{2150E333-8FDC-42A3-9474-1A3956D46DE8}") = "src", "src", "{7E2C33F3-FEFB-4D9E-98EC-2180FD087EEF}"
EndProject
Project("{2150E333-8FDC-42A3-9474-1A3956D46DE8}") = "common", "common", "{F7280135-5016-4CEC-907A-81D44EFD43B4}"
EndProject
Project("{9A19103F-16F7-4668-BE54-9A1E7A4F7556}") = "Common.Domain", "MicroServices\Common.Domain\Common.Domain.csproj", "{98D7870A-D092-44B6-A9E3-46E36E81EE3C}"
EndProject
Project("{9A19103F-16F7-4668-BE54-9A1E7A4F7556}") = "Common.Infrastructure", "MicroServices\Common.Infrastructure\Common.Infrastructure.csproj", "{C91D91BF-FCFB-410B-923E-CDC6C07BACEA}"
EndProject
Project("{9A19103F-16F7-4668-BE54-9A1E7A4F7556}") = "Common.Api", "MicroServices\Common.Api\Common.Api.csproj", "{E84CA6BD-EDCA-493E-AE00-6FAC3C18FF4E}"
EndProject
Project("{9A19103F-16F7-4668-BE54-9A1E7A4F7556}") = "Common.Application", "MicroServices\Common.Application\Common.Application.csproj", "{5B598456-4D6C-45F0-A825-F06A494D84E9}"
EndProject
Project("{2150E333-8FDC-42A3-9474-1A3956D46DE8}") = "EventBus", "EventBus", "{C5D132D6-B101-43B4-9BC4-0031039091C2}"
EndProject
Project("{9A19103F-16F7-4668-BE54-9A1E7A4F7556}") = "EventBus", "MicroServices\EventBus\EventBus.csproj", "{96A91667-90EE-41B2-838E-25819073CE1D}"
EndProject
Project("{9A19103F-16F7-4668-BE54-9A1E7A4F7556}") = "EventBusRabbitMQ", "MicroServices\EventBusRabbitMQ\EventBusRabbitMQ.csproj", "{FCD3F94F-C132-4D78-B3C3-03142D24E31C}"
EndProject
Project("{2150E333-8FDC-42A3-9474-1A3956D46DE8}") = "common", "common", "{2A291FD9-2E2C-493A-9A93-B50D33D8176F}"
EndProject
Project("{2150E333-8FDC-42A3-9474-1A3956D46DE8}") = "src", "src", "{5F437D1E-A50B-4219-ADBD-77BFDA1C83D9}"
EndProject
Project("{FAE04EC0-301F-11D3-BF4B-00C04F79EFBC}") = "Company.WebUI", "MicroFrontends\Company.WebUI\Company.WebUI.csproj", "{67930A6D-67EF-42AA-8D35-78DF70ABE930}"
EndProject
Project("{FAE04EC0-301F-11D3-BF4B-00C04F79EFBC}") = "Common.Client", "MicroFrontends\Common.Client\Common.Client.csproj", "{4C7D5D10-CB0E-43AF-B5E0-D6103366DA80}"
EndProject
Global
	GlobalSection(SolutionConfigurationPlatforms) = preSolution
		Debug|Any CPU = Debug|Any CPU
		Release|Any CPU = Release|Any CPU
	EndGlobalSection
	GlobalSection(ProjectConfigurationPlatforms) = postSolution
		{37BA93D2-1CBC-4F76-8EF7-77A59581AAEC}.Debug|Any CPU.ActiveCfg = Debug|Any CPU
		{37BA93D2-1CBC-4F76-8EF7-77A59581AAEC}.Debug|Any CPU.Build.0 = Debug|Any CPU
		{37BA93D2-1CBC-4F76-8EF7-77A59581AAEC}.Release|Any CPU.ActiveCfg = Release|Any CPU
		{37BA93D2-1CBC-4F76-8EF7-77A59581AAEC}.Release|Any CPU.Build.0 = Release|Any CPU
		{5FB09502-DD1F-443D-8843-5B9C9DFDA32B}.Debug|Any CPU.ActiveCfg = Debug|Any CPU
		{5FB09502-DD1F-443D-8843-5B9C9DFDA32B}.Debug|Any CPU.Build.0 = Debug|Any CPU
		{5FB09502-DD1F-443D-8843-5B9C9DFDA32B}.Release|Any CPU.ActiveCfg = Release|Any CPU
		{5FB09502-DD1F-443D-8843-5B9C9DFDA32B}.Release|Any CPU.Build.0 = Release|Any CPU
		{3994E12D-E8D6-46FC-8DC4-C3042114EB90}.Debug|Any CPU.ActiveCfg = Debug|Any CPU
		{3994E12D-E8D6-46FC-8DC4-C3042114EB90}.Debug|Any CPU.Build.0 = Debug|Any CPU
		{3994E12D-E8D6-46FC-8DC4-C3042114EB90}.Release|Any CPU.ActiveCfg = Release|Any CPU
		{3994E12D-E8D6-46FC-8DC4-C3042114EB90}.Release|Any CPU.Build.0 = Release|Any CPU
		{FDB760D8-856F-4FFF-ABF7-26F9423BD49A}.Debug|Any CPU.ActiveCfg = Debug|Any CPU
		{FDB760D8-856F-4FFF-ABF7-26F9423BD49A}.Debug|Any CPU.Build.0 = Debug|Any CPU
		{FDB760D8-856F-4FFF-ABF7-26F9423BD49A}.Release|Any CPU.ActiveCfg = Release|Any CPU
		{FDB760D8-856F-4FFF-ABF7-26F9423BD49A}.Release|Any CPU.Build.0 = Release|Any CPU
		{98D7870A-D092-44B6-A9E3-46E36E81EE3C}.Debug|Any CPU.ActiveCfg = Debug|Any CPU
		{98D7870A-D092-44B6-A9E3-46E36E81EE3C}.Debug|Any CPU.Build.0 = Debug|Any CPU
		{98D7870A-D092-44B6-A9E3-46E36E81EE3C}.Release|Any CPU.ActiveCfg = Release|Any CPU
		{98D7870A-D092-44B6-A9E3-46E36E81EE3C}.Release|Any CPU.Build.0 = Release|Any CPU
		{C91D91BF-FCFB-410B-923E-CDC6C07BACEA}.Debug|Any CPU.ActiveCfg = Debug|Any CPU
		{C91D91BF-FCFB-410B-923E-CDC6C07BACEA}.Debug|Any CPU.Build.0 = Debug|Any CPU
		{C91D91BF-FCFB-410B-923E-CDC6C07BACEA}.Release|Any CPU.ActiveCfg = Release|Any CPU
		{C91D91BF-FCFB-410B-923E-CDC6C07BACEA}.Release|Any CPU.Build.0 = Release|Any CPU
		{E84CA6BD-EDCA-493E-AE00-6FAC3C18FF4E}.Debug|Any CPU.ActiveCfg = Debug|Any CPU
		{E84CA6BD-EDCA-493E-AE00-6FAC3C18FF4E}.Debug|Any CPU.Build.0 = Debug|Any CPU
		{E84CA6BD-EDCA-493E-AE00-6FAC3C18FF4E}.Release|Any CPU.ActiveCfg = Release|Any CPU
		{E84CA6BD-EDCA-493E-AE00-6FAC3C18FF4E}.Release|Any CPU.Build.0 = Release|Any CPU
		{5B598456-4D6C-45F0-A825-F06A494D84E9}.Debug|Any CPU.ActiveCfg = Debug|Any CPU
		{5B598456-4D6C-45F0-A825-F06A494D84E9}.Debug|Any CPU.Build.0 = Debug|Any CPU
		{5B598456-4D6C-45F0-A825-F06A494D84E9}.Release|Any CPU.ActiveCfg = Release|Any CPU
		{5B598456-4D6C-45F0-A825-F06A494D84E9}.Release|Any CPU.Build.0 = Release|Any CPU
		{96A91667-90EE-41B2-838E-25819073CE1D}.Debug|Any CPU.ActiveCfg = Debug|Any CPU
		{96A91667-90EE-41B2-838E-25819073CE1D}.Debug|Any CPU.Build.0 = Debug|Any CPU
		{96A91667-90EE-41B2-838E-25819073CE1D}.Release|Any CPU.ActiveCfg = Release|Any CPU
		{96A91667-90EE-41B2-838E-25819073CE1D}.Release|Any CPU.Build.0 = Release|Any CPU
		{FCD3F94F-C132-4D78-B3C3-03142D24E31C}.Debug|Any CPU.ActiveCfg = Debug|Any CPU
		{FCD3F94F-C132-4D78-B3C3-03142D24E31C}.Debug|Any CPU.Build.0 = Debug|Any CPU
		{FCD3F94F-C132-4D78-B3C3-03142D24E31C}.Release|Any CPU.ActiveCfg = Release|Any CPU
		{FCD3F94F-C132-4D78-B3C3-03142D24E31C}.Release|Any CPU.Build.0 = Release|Any CPU
		{67930A6D-67EF-42AA-8D35-78DF70ABE930}.Debug|Any CPU.ActiveCfg = Debug|Any CPU
		{67930A6D-67EF-42AA-8D35-78DF70ABE930}.Debug|Any CPU.Build.0 = Debug|Any CPU
		{67930A6D-67EF-42AA-8D35-78DF70ABE930}.Release|Any CPU.ActiveCfg = Release|Any CPU
		{67930A6D-67EF-42AA-8D35-78DF70ABE930}.Release|Any CPU.Build.0 = Release|Any CPU
		{4C7D5D10-CB0E-43AF-B5E0-D6103366DA80}.Debug|Any CPU.ActiveCfg = Debug|Any CPU
		{4C7D5D10-CB0E-43AF-B5E0-D6103366DA80}.Debug|Any CPU.Build.0 = Debug|Any CPU
		{4C7D5D10-CB0E-43AF-B5E0-D6103366DA80}.Release|Any CPU.ActiveCfg = Release|Any CPU
		{4C7D5D10-CB0E-43AF-B5E0-D6103366DA80}.Release|Any CPU.Build.0 = Release|Any CPU
	EndGlobalSection
	GlobalSection(SolutionProperties) = preSolution
		HideSolutionNode = FALSE
	EndGlobalSection
	GlobalSection(NestedProjects) = preSolution
		{37BA93D2-1CBC-4F76-8EF7-77A59581AAEC} = {D75DB322-F9B3-48D2-A093-D6C08AED0C47}
		{D75DB322-F9B3-48D2-A093-D6C08AED0C47} = {7E2C33F3-FEFB-4D9E-98EC-2180FD087EEF}
		{5FB09502-DD1F-443D-8843-5B9C9DFDA32B} = {D75DB322-F9B3-48D2-A093-D6C08AED0C47}
		{3994E12D-E8D6-46FC-8DC4-C3042114EB90} = {D75DB322-F9B3-48D2-A093-D6C08AED0C47}
		{FDB760D8-856F-4FFF-ABF7-26F9423BD49A} = {D75DB322-F9B3-48D2-A093-D6C08AED0C47}
		{7E2C33F3-FEFB-4D9E-98EC-2180FD087EEF} = {13CD5CC0-0E82-4AE3-B131-EA6F3DBD1B3A}
		{F7280135-5016-4CEC-907A-81D44EFD43B4} = {13CD5CC0-0E82-4AE3-B131-EA6F3DBD1B3A}
		{98D7870A-D092-44B6-A9E3-46E36E81EE3C} = {F7280135-5016-4CEC-907A-81D44EFD43B4}
		{C91D91BF-FCFB-410B-923E-CDC6C07BACEA} = {F7280135-5016-4CEC-907A-81D44EFD43B4}
		{E84CA6BD-EDCA-493E-AE00-6FAC3C18FF4E} = {F7280135-5016-4CEC-907A-81D44EFD43B4}
		{5B598456-4D6C-45F0-A825-F06A494D84E9} = {F7280135-5016-4CEC-907A-81D44EFD43B4}
		{C5D132D6-B101-43B4-9BC4-0031039091C2} = {F7280135-5016-4CEC-907A-81D44EFD43B4}
		{96A91667-90EE-41B2-838E-25819073CE1D} = {C5D132D6-B101-43B4-9BC4-0031039091C2}
		{FCD3F94F-C132-4D78-B3C3-03142D24E31C} = {C5D132D6-B101-43B4-9BC4-0031039091C2}
		{2A291FD9-2E2C-493A-9A93-B50D33D8176F} = {4F9CB04F-D7B1-41B4-9493-3E19E2745C90}
		{5F437D1E-A50B-4219-ADBD-77BFDA1C83D9} = {4F9CB04F-D7B1-41B4-9493-3E19E2745C90}
		{67930A6D-67EF-42AA-8D35-78DF70ABE930} = {5F437D1E-A50B-4219-ADBD-77BFDA1C83D9}
		{4C7D5D10-CB0E-43AF-B5E0-D6103366DA80} = {2A291FD9-2E2C-493A-9A93-B50D33D8176F}
	EndGlobalSection
	GlobalSection(ExtensibilityGlobals) = postSolution
		SolutionGuid = {B0A5A532-33F7-4DE1-B528-9961CBC09492}
	EndGlobalSection
EndGlobal
